# This file is automatically @generated by Poetry and should not be changed by hand.

[[package]]
name = "customtkinter"
version = "5.0.2"
description = "Create modern looking GUIs with Python"
category = "main"
optional = false
python-versions = ">=3.7"
files = [
    {file = "customtkinter-5.0.2-py3-none-any.whl", hash = "sha256:43dc81ca2e4af198c83d05ea1761588fb9a8b3351ba5fc3f812ff9dfcb64b9e1"},
    {file = "customtkinter-5.0.2.tar.gz", hash = "sha256:8ea9c2c6996e87a60268f7546b9cd0cedb08c9e0c13a0d6210dd76645c39091e"},
]

[package.dependencies]
darkdetect = "*"

[[package]]
name = "darkdetect"
version = "0.7.1"
description = "Detect OS Dark Mode from Python"
category = "main"
optional = false
python-versions = "*"
files = [
    {file = "darkdetect-0.7.1-py2.py3-none-any.whl", hash = "sha256:3efe69f8ecd5f1b7f4fbb0d1d93f656b0e493c45cc49222380ffe2a529cbc866"},
    {file = "darkdetect-0.7.1.tar.gz", hash = "sha256:47be3cf5134432ddb616bbffc927237718407914993c82809983e7ccebf49013"},
]

[[package]]
name = "pyperclip"
version = "1.8.2"
description = "A cross-platform clipboard module for Python. (Only handles plain text for now.)"
category = "main"
optional = false
python-versions = "*"
files = [
    {file = "pyperclip-1.8.2.tar.gz", hash = "sha256:105254a8b04934f0bc84e9c24eb360a591aaf6535c9def5f29d92af107a9bf57"},
]

[metadata]
lock-version = "2.0"
python-versions = "^3.8"
content-hash = "3567337935d856928a217f5eb628eaa6fa51b5309bd963aae9ec820af0bae4e4"
